
Microsoft Visual Studio Solution File, Format Version 12.00
# Visual Studio Version 16
VisualStudioVersion = 16.0.29209.62
MinimumVisualStudioVersion = 10.0.40219.1
Project("{9A19103F-16F7-4668-BE54-9A1E7A4F7556}") = "Xeno.LiteMigrator", "LiteMigrator\Xeno.LiteMigrator.csproj", "{C96B0D25-5AA2-421E-983B-44CBFFE82129}"
EndProject
Project("{FAE04EC0-301F-11D3-BF4B-00C04F79EFBC}") = "Xeno.LiteMigrator.SystemTests", "LiteMigrator.Tests\Xeno.LiteMigrator.SystemTests.csproj", "{EF065792-4818-4B3F-AF82-2347F67A6ABB}"
EndProject
Project("{2150E333-8FDC-42A3-9474-1A3956D46DE8}") = "Tests", "Tests", "{157447EB-A133-4D28-8722-C5FD04367688}"
EndProject
Global
	GlobalSection(SolutionConfigurationPlatforms) = preSolution
		Debug|Any CPU = Debug|Any CPU
		Release|Any CPU = Release|Any CPU
	EndGlobalSection
	GlobalSection(ProjectConfigurationPlatforms) = postSolution
		{C96B0D25-5AA2-421E-983B-44CBFFE82129}.Debug|Any CPU.ActiveCfg = Debug|Any CPU
		{C96B0D25-5AA2-421E-983B-44CBFFE82129}.Debug|Any CPU.Build.0 = Debug|Any CPU
		{C96B0D25-5AA2-421E-983B-44CBFFE82129}.Release|Any CPU.ActiveCfg = Release|Any CPU
		{C96B0D25-5AA2-421E-983B-44CBFFE82129}.Release|Any CPU.Build.0 = Release|Any CPU
		{EF065792-4818-4B3F-AF82-2347F67A6ABB}.Debug|Any CPU.ActiveCfg = Debug|Any CPU
		{EF065792-4818-4B3F-AF82-2347F67A6ABB}.Debug|Any CPU.Build.0 = Debug|Any CPU
		{EF065792-4818-4B3F-AF82-2347F67A6ABB}.Release|Any CPU.ActiveCfg = Release|Any CPU
		{EF065792-4818-4B3F-AF82-2347F67A6ABB}.Release|Any CPU.Build.0 = Release|Any CPU
	EndGlobalSection
	GlobalSection(SolutionProperties) = preSolution
		HideSolutionNode = FALSE
	EndGlobalSection
	GlobalSection(NestedProjects) = preSolution
		{EF065792-4818-4B3F-AF82-2347F67A6ABB} = {157447EB-A133-4D28-8722-C5FD04367688}
	EndGlobalSection
	GlobalSection(ExtensibilityGlobals) = postSolution
		SolutionGuid = {04BD56FE-34C9-4B90-B300-8AC123B8DEB4}
	EndGlobalSection
EndGlobal
