
Microsoft Visual Studio Solution File, Format Version 12.00
# Visual Studio Version 16
VisualStudioVersion = 16.0.29209.62
MinimumVisualStudioVersion = 10.0.40219.1
Project("{FAE04EC0-301F-11D3-BF4B-00C04F79EFBC}") = "SqlMigrator", "SqlMigrator\SqlMigrator.csproj", "{C96B0D25-5AA2-421E-983B-44CBFFE82129}"
EndProject
Global
	GlobalSection(SolutionConfigurationPlatforms) = preSolution
		Debug|Any CPU = Debug|Any CPU
		Release|Any CPU = Release|Any CPU
	EndGlobalSection
	GlobalSection(ProjectConfigurationPlatforms) = postSolution
		{C96B0D25-5AA2-421E-983B-44CBFFE82129}.Debug|Any CPU.ActiveCfg = Debug|Any CPU
		{C96B0D25-5AA2-421E-983B-44CBFFE82129}.Debug|Any CPU.Build.0 = Debug|Any CPU
		{C96B0D25-5AA2-421E-983B-44CBFFE82129}.Release|Any CPU.ActiveCfg = Release|Any CPU
		{C96B0D25-5AA2-421E-983B-44CBFFE82129}.Release|Any CPU.Build.0 = Release|Any CPU
	EndGlobalSection
	GlobalSection(SolutionProperties) = preSolution
		HideSolutionNode = FALSE
	EndGlobalSection
	GlobalSection(ExtensibilityGlobals) = postSolution
		SolutionGuid = {04BD56FE-34C9-4B90-B300-8AC123B8DEB4}
	EndGlobalSection
EndGlobal
